{
  "pins" : [
    {
      "identity" : "animatedtabbar",
      "kind" : "remoteSourceControl",
      "location" : "https://github.com/exyte/AnimatedTabBar",
      "state" : {
        "revision" : "1eef24600ecb6882ff81445dbf1b02537e74c4b3",
        "version" : "0.1.1"
      }
    }
  ],
  "version" : 2
}
