// !$*UTF8*$!
{
	archiveVersion = 1;
	classes = {
	};
	objectVersion = 56;
	objects = {

/* Begin PBXBuildFile section */
		4202E6D52B090784002F1085 /* HomeView.swift in Sources */ = {isa = PBXBuildFile; fileRef = 4202E6D42B090784002F1085 /* HomeView.swift */; };
		4202E6D82B091247002F1085 /* Recipe.swift in Sources */ = {isa = PBXBuildFile; fileRef = 4202E6D72B091247002F1085 /* Recipe.swift */; };
		4202E6DA2B091498002F1085 /* RecipeView.swift in Sources */ = {isa = PBXBuildFile; fileRef = 4202E6D92B091498002F1085 /* RecipeView.swift */; };
		4202E6DE2B091538002F1085 /* BlurView.swift in Sources */ = {isa = PBXBuildFile; fileRef = 4202E6DD2B091538002F1085 /* BlurView.swift */; };
		4202E6E12B0930B6002F1085 /* ProfileView.swift in Sources */ = {isa = PBXBuildFile; fileRef = 4202E6E02B0930B6002F1085 /* ProfileView.swift */; };
		4202E6E32B093B9F002F1085 /* LottieView.swift in Sources */ = {isa = PBXBuildFile; fileRef = 4202E6E22B093B9F002F1085 /* LottieView.swift */; };
		4202E6E62B093CAB002F1085 /* Lottie in Frameworks */ = {isa = PBXBuildFile; productRef = 4202E6E52B093CAB002F1085 /* Lottie */; };
		4202E6E82B093CC0002F1085 /* Preferences.swift in Sources */ = {isa = PBXBuildFile; fileRef = 4202E6E72B093CC0002F1085 /* Preferences.swift */; };
		4202E6ED2B0945B4002F1085 /* FoodPreferences.swift in Sources */ = {isa = PBXBuildFile; fileRef = 4202E6EC2B0945B4002F1085 /* FoodPreferences.swift */; };
		4202E6EF2B094796002F1085 /* Allergens.swift in Sources */ = {isa = PBXBuildFile; fileRef = 4202E6EE2B094796002F1085 /* Allergens.swift */; };
		4202E6F72B0951DD002F1085 /* LoginView.swift in Sources */ = {isa = PBXBuildFile; fileRef = 4202E6F62B0951DC002F1085 /* LoginView.swift */; };
		4202E6F92B0961F9002F1085 /* loginLottie.json in Resources */ = {isa = PBXBuildFile; fileRef = 4202E6F82B0961F9002F1085 /* loginLottie.json */; };
		4202E6FB2B0962E1002F1085 /* AllergiesView.swift in Sources */ = {isa = PBXBuildFile; fileRef = 4202E6FA2B0962E1002F1085 /* AllergiesView.swift */; };
		4202E7052B098CBE002F1085 /* FeedCell.swift in Sources */ = {isa = PBXBuildFile; fileRef = 4202E7042B098CBE002F1085 /* FeedCell.swift */; };
		4202E7072B0991B8002F1085 /* Post.swift in Sources */ = {isa = PBXBuildFile; fileRef = 4202E7062B0991B8002F1085 /* Post.swift */; };
		4202E7092B0991F6002F1085 /* VideosViewModel.swift in Sources */ = {isa = PBXBuildFile; fileRef = 4202E7082B0991F6002F1085 /* VideosViewModel.swift */; };
		420843352B08C0150011F58A /* FoodieBagFrontendApp.swift in Sources */ = {isa = PBXBuildFile; fileRef = 420843342B08C0150011F58A /* FoodieBagFrontendApp.swift */; };
		420843372B08C0150011F58A /* MainView.swift in Sources */ = {isa = PBXBuildFile; fileRef = 420843362B08C0150011F58A /* MainView.swift */; };
		420843392B08C0160011F58A /* Assets.xcassets in Resources */ = {isa = PBXBuildFile; fileRef = 420843382B08C0160011F58A /* Assets.xcassets */; };
		4208433C2B08C0160011F58A /* Preview Assets.xcassets in Resources */ = {isa = PBXBuildFile; fileRef = 4208433B2B08C0160011F58A /* Preview Assets.xcassets */; };
		420843462B08C0160011F58A /* FoodieBagFrontendTests.swift in Sources */ = {isa = PBXBuildFile; fileRef = 420843452B08C0160011F58A /* FoodieBagFrontendTests.swift */; };
		420843502B08C0160011F58A /* FoodieBagFrontendUITests.swift in Sources */ = {isa = PBXBuildFile; fileRef = 4208434F2B08C0160011F58A /* FoodieBagFrontendUITests.swift */; };
		420843522B08C0160011F58A /* FoodieBagFrontendUITestsLaunchTests.swift in Sources */ = {isa = PBXBuildFile; fileRef = 420843512B08C0160011F58A /* FoodieBagFrontendUITestsLaunchTests.swift */; };
		420843622B08C1350011F58A /* VideosView.swift in Sources */ = {isa = PBXBuildFile; fileRef = 420843612B08C1350011F58A /* VideosView.swift */; };
		B0A3E1762B09ED4000B2204A /* MapView.swift in Sources */ = {isa = PBXBuildFile; fileRef = B0A3E1732B09ED3F00B2204A /* MapView.swift */; };
		B0A3E1772B09ED4000B2204A /* MapBackground.swift in Sources */ = {isa = PBXBuildFile; fileRef = B0A3E1742B09ED3F00B2204A /* MapBackground.swift */; };
		B0A3E1782B09ED4000B2204A /* ProfileSetupView.swift in Sources */ = {isa = PBXBuildFile; fileRef = B0A3E1752B09ED4000B2204A /* ProfileSetupView.swift */; };
/* End PBXBuildFile section */

/* Begin PBXContainerItemProxy section */
		420843422B08C0160011F58A /* PBXContainerItemProxy */ = {
			isa = PBXContainerItemProxy;
			containerPortal = 420843292B08C0150011F58A /* Project object */;
			proxyType = 1;
			remoteGlobalIDString = 420843302B08C0150011F58A;
			remoteInfo = FoodieBagFrontend;
		};
		4208434C2B08C0160011F58A /* PBXContainerItemProxy */ = {
			isa = PBXContainerItemProxy;
			containerPortal = 420843292B08C0150011F58A /* Project object */;
			proxyType = 1;
			remoteGlobalIDString = 420843302B08C0150011F58A;
			remoteInfo = FoodieBagFrontend;
		};
/* End PBXContainerItemProxy section */

/* Begin PBXFileReference section */
		4202E6D42B090784002F1085 /* HomeView.swift */ = {isa = PBXFileReference; lastKnownFileType = sourcecode.swift; path = HomeView.swift; sourceTree = "<group>"; };
		4202E6D72B091247002F1085 /* Recipe.swift */ = {isa = PBXFileReference; lastKnownFileType = sourcecode.swift; name = Recipe.swift; path = FoodieBagFrontend/view/Recipe.swift; sourceTree = SOURCE_ROOT; };
		4202E6D92B091498002F1085 /* RecipeView.swift */ = {isa = PBXFileReference; lastKnownFileType = sourcecode.swift; path = RecipeView.swift; sourceTree = "<group>"; };
		4202E6DD2B091538002F1085 /* BlurView.swift */ = {isa = PBXFileReference; lastKnownFileType = sourcecode.swift; path = BlurView.swift; sourceTree = "<group>"; };
		4202E6E02B0930B6002F1085 /* ProfileView.swift */ = {isa = PBXFileReference; lastKnownFileType = sourcecode.swift; path = ProfileView.swift; sourceTree = "<group>"; };
		4202E6E22B093B9F002F1085 /* LottieView.swift */ = {isa = PBXFileReference; lastKnownFileType = sourcecode.swift; path = LottieView.swift; sourceTree = "<group>"; };
		4202E6E72B093CC0002F1085 /* Preferences.swift */ = {isa = PBXFileReference; lastKnownFileType = sourcecode.swift; path = Preferences.swift; sourceTree = "<group>"; };
		4202E6EC2B0945B4002F1085 /* FoodPreferences.swift */ = {isa = PBXFileReference; lastKnownFileType = sourcecode.swift; path = FoodPreferences.swift; sourceTree = "<group>"; };
		4202E6EE2B094796002F1085 /* Allergens.swift */ = {isa = PBXFileReference; lastKnownFileType = sourcecode.swift; path = Allergens.swift; sourceTree = "<group>"; };
		4202E6F62B0951DC002F1085 /* LoginView.swift */ = {isa = PBXFileReference; lastKnownFileType = sourcecode.swift; path = LoginView.swift; sourceTree = "<group>"; };
		4202E6F82B0961F9002F1085 /* loginLottie.json */ = {isa = PBXFileReference; fileEncoding = 4; lastKnownFileType = text.json; path = loginLottie.json; sourceTree = "<group>"; };
		4202E6FA2B0962E1002F1085 /* AllergiesView.swift */ = {isa = PBXFileReference; lastKnownFileType = sourcecode.swift; path = AllergiesView.swift; sourceTree = "<group>"; };
		4202E7022B098A31002F1085 /* videox.mp4 */ = {isa = PBXFileReference; lastKnownFileType = file; path = videox.mp4; sourceTree = "<group>"; };
		4202E7042B098CBE002F1085 /* FeedCell.swift */ = {isa = PBXFileReference; lastKnownFileType = sourcecode.swift; path = FeedCell.swift; sourceTree = "<group>"; };
		4202E7062B0991B8002F1085 /* Post.swift */ = {isa = PBXFileReference; lastKnownFileType = sourcecode.swift; path = Post.swift; sourceTree = "<group>"; };
		4202E7082B0991F6002F1085 /* VideosViewModel.swift */ = {isa = PBXFileReference; lastKnownFileType = sourcecode.swift; name = VideosViewModel.swift; path = FoodieBagFrontend/model/VideosViewModel.swift; sourceTree = SOURCE_ROOT; };
		420843312B08C0150011F58A /* FoodieBagFrontend.app */ = {isa = PBXFileReference; explicitFileType = wrapper.application; includeInIndex = 0; path = FoodieBagFrontend.app; sourceTree = BUILT_PRODUCTS_DIR; };
		420843342B08C0150011F58A /* FoodieBagFrontendApp.swift */ = {isa = PBXFileReference; lastKnownFileType = sourcecode.swift; path = FoodieBagFrontendApp.swift; sourceTree = "<group>"; };
		420843362B08C0150011F58A /* MainView.swift */ = {isa = PBXFileReference; lastKnownFileType = sourcecode.swift; path = MainView.swift; sourceTree = "<group>"; };
		420843382B08C0160011F58A /* Assets.xcassets */ = {isa = PBXFileReference; lastKnownFileType = folder.assetcatalog; path = Assets.xcassets; sourceTree = "<group>"; };
		4208433B2B08C0160011F58A /* Preview Assets.xcassets */ = {isa = PBXFileReference; lastKnownFileType = folder.assetcatalog; path = "Preview Assets.xcassets"; sourceTree = "<group>"; };
		420843412B08C0160011F58A /* FoodieBagFrontendTests.xctest */ = {isa = PBXFileReference; explicitFileType = wrapper.cfbundle; includeInIndex = 0; path = FoodieBagFrontendTests.xctest; sourceTree = BUILT_PRODUCTS_DIR; };
		420843452B08C0160011F58A /* FoodieBagFrontendTests.swift */ = {isa = PBXFileReference; lastKnownFileType = sourcecode.swift; path = FoodieBagFrontendTests.swift; sourceTree = "<group>"; };
		4208434B2B08C0160011F58A /* FoodieBagFrontendUITests.xctest */ = {isa = PBXFileReference; explicitFileType = wrapper.cfbundle; includeInIndex = 0; path = FoodieBagFrontendUITests.xctest; sourceTree = BUILT_PRODUCTS_DIR; };
		4208434F2B08C0160011F58A /* FoodieBagFrontendUITests.swift */ = {isa = PBXFileReference; lastKnownFileType = sourcecode.swift; path = FoodieBagFrontendUITests.swift; sourceTree = "<group>"; };
		420843512B08C0160011F58A /* FoodieBagFrontendUITestsLaunchTests.swift */ = {isa = PBXFileReference; lastKnownFileType = sourcecode.swift; path = FoodieBagFrontendUITestsLaunchTests.swift; sourceTree = "<group>"; };
		420843612B08C1350011F58A /* VideosView.swift */ = {isa = PBXFileReference; lastKnownFileType = sourcecode.swift; path = VideosView.swift; sourceTree = "<group>"; };
		B0A3E1732B09ED3F00B2204A /* MapView.swift */ = {isa = PBXFileReference; fileEncoding = 4; lastKnownFileType = sourcecode.swift; path = MapView.swift; sourceTree = "<group>"; };
		B0A3E1742B09ED3F00B2204A /* MapBackground.swift */ = {isa = PBXFileReference; fileEncoding = 4; lastKnownFileType = sourcecode.swift; path = MapBackground.swift; sourceTree = "<group>"; };
		B0A3E1752B09ED4000B2204A /* ProfileSetupView.swift */ = {isa = PBXFileReference; fileEncoding = 4; lastKnownFileType = sourcecode.swift; path = ProfileSetupView.swift; sourceTree = "<group>"; };
/* End PBXFileReference section */

/* Begin PBXFrameworksBuildPhase section */
		4208432E2B08C0150011F58A /* Frameworks */ = {
			isa = PBXFrameworksBuildPhase;
			buildActionMask = 2147483647;
			files = (
				4202E6E62B093CAB002F1085 /* Lottie in Frameworks */,
			);
			runOnlyForDeploymentPostprocessing = 0;
		};
		4208433E2B08C0160011F58A /* Frameworks */ = {
			isa = PBXFrameworksBuildPhase;
			buildActionMask = 2147483647;
			files = (
			);
			runOnlyForDeploymentPostprocessing = 0;
		};
		420843482B08C0160011F58A /* Frameworks */ = {
			isa = PBXFrameworksBuildPhase;
			buildActionMask = 2147483647;
			files = (
			);
			runOnlyForDeploymentPostprocessing = 0;
		};
/* End PBXFrameworksBuildPhase section */

/* Begin PBXGroup section */
		4202E6D62B0907FE002F1085 /* HomeView */ = {
			isa = PBXGroup;
			children = (
				4202E6D42B090784002F1085 /* HomeView.swift */,
				4202E6D92B091498002F1085 /* RecipeView.swift */,
				4202E6DD2B091538002F1085 /* BlurView.swift */,
			);
			path = HomeView;
			sourceTree = "<group>";
		};
		4202E6DF2B0930AD002F1085 /* Profile */ = {
			isa = PBXGroup;
			children = (
				4202E6E02B0930B6002F1085 /* ProfileView.swift */,
				4202E6EC2B0945B4002F1085 /* FoodPreferences.swift */,
				4202E6FA2B0962E1002F1085 /* AllergiesView.swift */,
			);
			path = Profile;
			sourceTree = "<group>";
		};
		4202E6E92B093D7F002F1085 /* lotties */ = {
			isa = PBXGroup;
			children = (
				4202E6F82B0961F9002F1085 /* loginLottie.json */,
			);
			path = lotties;
			sourceTree = "<group>";
		};
		4202E6F02B094D88002F1085 /* stuff */ = {
			isa = PBXGroup;
			children = (
				4202E6F52B094D9F002F1085 /* videos */,
				4202E6E92B093D7F002F1085 /* lotties */,
			);
			path = stuff;
			sourceTree = "<group>";
		};
		4202E6F52B094D9F002F1085 /* videos */ = {
			isa = PBXGroup;
			children = (
				4202E7022B098A31002F1085 /* videox.mp4 */,
			);
			path = videos;
			sourceTree = "<group>";
		};
		4202E7032B098CAF002F1085 /* Feed */ = {
			isa = PBXGroup;
			children = (
				B0A3E1752B09ED4000B2204A /* ProfileSetupView.swift */,
				420843612B08C1350011F58A /* VideosView.swift */,
				4202E7042B098CBE002F1085 /* FeedCell.swift */,
			);
			path = Feed;
			sourceTree = "<group>";
		};
		420843282B08C0150011F58A = {
			isa = PBXGroup;
			children = (
				420843332B08C0150011F58A /* FoodieBagFrontend */,
				420843442B08C0160011F58A /* FoodieBagFrontendTests */,
				4208434E2B08C0160011F58A /* FoodieBagFrontendUITests */,
				420843322B08C0150011F58A /* Products */,
			);
			sourceTree = "<group>";
		};
		420843322B08C0150011F58A /* Products */ = {
			isa = PBXGroup;
			children = (
				420843312B08C0150011F58A /* FoodieBagFrontend.app */,
				420843412B08C0160011F58A /* FoodieBagFrontendTests.xctest */,
				4208434B2B08C0160011F58A /* FoodieBagFrontendUITests.xctest */,
			);
			name = Products;
			sourceTree = "<group>";
		};
		420843332B08C0150011F58A /* FoodieBagFrontend */ = {
			isa = PBXGroup;
			children = (
				4202E6F02B094D88002F1085 /* stuff */,
				420843602B08C04F0011F58A /* viewmodel */,
				4208435F2B08C04B0011F58A /* model */,
				4208435E2B08C0470011F58A /* view */,
				420843342B08C0150011F58A /* FoodieBagFrontendApp.swift */,
				420843362B08C0150011F58A /* MainView.swift */,
				420843382B08C0160011F58A /* Assets.xcassets */,
				4208433A2B08C0160011F58A /* Preview Content */,
			);
			path = FoodieBagFrontend;
			sourceTree = "<group>";
		};
		4208433A2B08C0160011F58A /* Preview Content */ = {
			isa = PBXGroup;
			children = (
				4208433B2B08C0160011F58A /* Preview Assets.xcassets */,
			);
			path = "Preview Content";
			sourceTree = "<group>";
		};
		420843442B08C0160011F58A /* FoodieBagFrontendTests */ = {
			isa = PBXGroup;
			children = (
				420843452B08C0160011F58A /* FoodieBagFrontendTests.swift */,
			);
			path = FoodieBagFrontendTests;
			sourceTree = "<group>";
		};
		4208434E2B08C0160011F58A /* FoodieBagFrontendUITests */ = {
			isa = PBXGroup;
			children = (
				4208434F2B08C0160011F58A /* FoodieBagFrontendUITests.swift */,
				420843512B08C0160011F58A /* FoodieBagFrontendUITestsLaunchTests.swift */,
			);
			path = FoodieBagFrontendUITests;
			sourceTree = "<group>";
		};
		4208435E2B08C0470011F58A /* view */ = {
			isa = PBXGroup;
			children = (
				B0A3E1742B09ED3F00B2204A /* MapBackground.swift */,
				B0A3E1732B09ED3F00B2204A /* MapView.swift */,
				4202E7032B098CAF002F1085 /* Feed */,
				4202E6DF2B0930AD002F1085 /* Profile */,
				4202E6D62B0907FE002F1085 /* HomeView */,
				4202E6E22B093B9F002F1085 /* LottieView.swift */,
				4202E6F62B0951DC002F1085 /* LoginView.swift */,
			);
			path = view;
			sourceTree = "<group>";
		};
		4208435F2B08C04B0011F58A /* model */ = {
			isa = PBXGroup;
			children = (
				4202E6E72B093CC0002F1085 /* Preferences.swift */,
				4202E6D72B091247002F1085 /* Recipe.swift */,
				4202E6EE2B094796002F1085 /* Allergens.swift */,
				4202E7062B0991B8002F1085 /* Post.swift */,
			);
			path = model;
			sourceTree = "<group>";
		};
		420843602B08C04F0011F58A /* viewmodel */ = {
			isa = PBXGroup;
			children = (
				4202E7082B0991F6002F1085 /* VideosViewModel.swift */,
			);
			path = viewmodel;
			sourceTree = "<group>";
		};
/* End PBXGroup section */

/* Begin PBXNativeTarget section */
		420843302B08C0150011F58A /* FoodieBagFrontend */ = {
			isa = PBXNativeTarget;
			buildConfigurationList = 420843552B08C0160011F58A /* Build configuration list for PBXNativeTarget "FoodieBagFrontend" */;
			buildPhases = (
				4208432D2B08C0150011F58A /* Sources */,
				4208432E2B08C0150011F58A /* Frameworks */,
				4208432F2B08C0150011F58A /* Resources */,
			);
			buildRules = (
			);
			dependencies = (
			);
			name = FoodieBagFrontend;
			packageProductDependencies = (
				4202E6E52B093CAB002F1085 /* Lottie */,
			);
			productName = FoodieBagFrontend;
			productReference = 420843312B08C0150011F58A /* FoodieBagFrontend.app */;
			productType = "com.apple.product-type.application";
		};
		420843402B08C0160011F58A /* FoodieBagFrontendTests */ = {
			isa = PBXNativeTarget;
			buildConfigurationList = 420843582B08C0160011F58A /* Build configuration list for PBXNativeTarget "FoodieBagFrontendTests" */;
			buildPhases = (
				4208433D2B08C0160011F58A /* Sources */,
				4208433E2B08C0160011F58A /* Frameworks */,
				4208433F2B08C0160011F58A /* Resources */,
			);
			buildRules = (
			);
			dependencies = (
				420843432B08C0160011F58A /* PBXTargetDependency */,
			);
			name = FoodieBagFrontendTests;
			productName = FoodieBagFrontendTests;
			productReference = 420843412B08C0160011F58A /* FoodieBagFrontendTests.xctest */;
			productType = "com.apple.product-type.bundle.unit-test";
		};
		4208434A2B08C0160011F58A /* FoodieBagFrontendUITests */ = {
			isa = PBXNativeTarget;
			buildConfigurationList = 4208435B2B08C0160011F58A /* Build configuration list for PBXNativeTarget "FoodieBagFrontendUITests" */;
			buildPhases = (
				420843472B08C0160011F58A /* Sources */,
				420843482B08C0160011F58A /* Frameworks */,
				420843492B08C0160011F58A /* Resources */,
			);
			buildRules = (
			);
			dependencies = (
				4208434D2B08C0160011F58A /* PBXTargetDependency */,
			);
			name = FoodieBagFrontendUITests;
			productName = FoodieBagFrontendUITests;
			productReference = 4208434B2B08C0160011F58A /* FoodieBagFrontendUITests.xctest */;
			productType = "com.apple.product-type.bundle.ui-testing";
		};
/* End PBXNativeTarget section */

/* Begin PBXProject section */
		420843292B08C0150011F58A /* Project object */ = {
			isa = PBXProject;
			attributes = {
				BuildIndependentTargetsInParallel = 1;
				LastSwiftUpdateCheck = 1500;
				LastUpgradeCheck = 1500;
				TargetAttributes = {
					420843302B08C0150011F58A = {
						CreatedOnToolsVersion = 15.0.1;
					};
					420843402B08C0160011F58A = {
						CreatedOnToolsVersion = 15.0.1;
						TestTargetID = 420843302B08C0150011F58A;
					};
					4208434A2B08C0160011F58A = {
						CreatedOnToolsVersion = 15.0.1;
						TestTargetID = 420843302B08C0150011F58A;
					};
				};
			};
			buildConfigurationList = 4208432C2B08C0150011F58A /* Build configuration list for PBXProject "FoodieBagFrontend" */;
			compatibilityVersion = "Xcode 14.0";
			developmentRegion = en;
			hasScannedForEncodings = 0;
			knownRegions = (
				en,
				Base,
			);
			mainGroup = 420843282B08C0150011F58A;
			packageReferences = (
				4202E6E42B093CAB002F1085 /* XCRemoteSwiftPackageReference "lottie-ios" */,
			);
			productRefGroup = 420843322B08C0150011F58A /* Products */;
			projectDirPath = "";
			projectRoot = "";
			targets = (
				420843302B08C0150011F58A /* FoodieBagFrontend */,
				420843402B08C0160011F58A /* FoodieBagFrontendTests */,
				4208434A2B08C0160011F58A /* FoodieBagFrontendUITests */,
			);
		};
/* End PBXProject section */

/* Begin PBXResourcesBuildPhase section */
		4208432F2B08C0150011F58A /* Resources */ = {
			isa = PBXResourcesBuildPhase;
			buildActionMask = 2147483647;
			files = (
				4208433C2B08C0160011F58A /* Preview Assets.xcassets in Resources */,
				4202E6F92B0961F9002F1085 /* loginLottie.json in Resources */,
				420843392B08C0160011F58A /* Assets.xcassets in Resources */,
			);
			runOnlyForDeploymentPostprocessing = 0;
		};
		4208433F2B08C0160011F58A /* Resources */ = {
			isa = PBXResourcesBuildPhase;
			buildActionMask = 2147483647;
			files = (
			);
			runOnlyForDeploymentPostprocessing = 0;
		};
		420843492B08C0160011F58A /* Resources */ = {
			isa = PBXResourcesBuildPhase;
			buildActionMask = 2147483647;
			files = (
			);
			runOnlyForDeploymentPostprocessing = 0;
		};
/* End PBXResourcesBuildPhase section */

/* Begin PBXSourcesBuildPhase section */
		4208432D2B08C0150011F58A /* Sources */ = {
			isa = PBXSourcesBuildPhase;
			buildActionMask = 2147483647;
			files = (
				4202E6FB2B0962E1002F1085 /* AllergiesView.swift in Sources */,
				420843372B08C0150011F58A /* MainView.swift in Sources */,
				4202E6E12B0930B6002F1085 /* ProfileView.swift in Sources */,
				4202E7072B0991B8002F1085 /* Post.swift in Sources */,
				420843352B08C0150011F58A /* FoodieBagFrontendApp.swift in Sources */,
				4202E6EF2B094796002F1085 /* Allergens.swift in Sources */,
				4202E6E82B093CC0002F1085 /* Preferences.swift in Sources */,
				4202E6DA2B091498002F1085 /* RecipeView.swift in Sources */,
				4202E6DE2B091538002F1085 /* BlurView.swift in Sources */,
				4202E6F72B0951DD002F1085 /* LoginView.swift in Sources */,
				4202E6D82B091247002F1085 /* Recipe.swift in Sources */,
				B0A3E1772B09ED4000B2204A /* MapBackground.swift in Sources */,
				4202E6E32B093B9F002F1085 /* LottieView.swift in Sources */,
				4202E6D52B090784002F1085 /* HomeView.swift in Sources */,
				4202E7092B0991F6002F1085 /* VideosViewModel.swift in Sources */,
				B0A3E1782B09ED4000B2204A /* ProfileSetupView.swift in Sources */,
				B0A3E1762B09ED4000B2204A /* MapView.swift in Sources */,
				4202E7052B098CBE002F1085 /* FeedCell.swift in Sources */,
				4202E6ED2B0945B4002F1085 /* FoodPreferences.swift in Sources */,
				420843622B08C1350011F58A /* VideosView.swift in Sources */,
			);
			runOnlyForDeploymentPostprocessing = 0;
		};
		4208433D2B08C0160011F58A /* Sources */ = {
			isa = PBXSourcesBuildPhase;
			buildActionMask = 2147483647;
			files = (
				420843462B08C0160011F58A /* FoodieBagFrontendTests.swift in Sources */,
			);
			runOnlyForDeploymentPostprocessing = 0;
		};
		420843472B08C0160011F58A /* Sources */ = {
			isa = PBXSourcesBuildPhase;
			buildActionMask = 2147483647;
			files = (
				420843502B08C0160011F58A /* FoodieBagFrontendUITests.swift in Sources */,
				420843522B08C0160011F58A /* FoodieBagFrontendUITestsLaunchTests.swift in Sources */,
			);
			runOnlyForDeploymentPostprocessing = 0;
		};
/* End PBXSourcesBuildPhase section */

/* Begin PBXTargetDependency section */
		420843432B08C0160011F58A /* PBXTargetDependency */ = {
			isa = PBXTargetDependency;
			target = 420843302B08C0150011F58A /* FoodieBagFrontend */;
			targetProxy = 420843422B08C0160011F58A /* PBXContainerItemProxy */;
		};
		4208434D2B08C0160011F58A /* PBXTargetDependency */ = {
			isa = PBXTargetDependency;
			target = 420843302B08C0150011F58A /* FoodieBagFrontend */;
			targetProxy = 4208434C2B08C0160011F58A /* PBXContainerItemProxy */;
		};
/* End PBXTargetDependency section */

/* Begin XCBuildConfiguration section */
		420843532B08C0160011F58A /* Debug */ = {
			isa = XCBuildConfiguration;
			buildSettings = {
				ALWAYS_SEARCH_USER_PATHS = NO;
				ASSETCATALOG_COMPILER_GENERATE_SWIFT_ASSET_SYMBOL_EXTENSIONS = YES;
				CLANG_ANALYZER_NONNULL = YES;
				CLANG_ANALYZER_NUMBER_OBJECT_CONVERSION = YES_AGGRESSIVE;
				CLANG_CXX_LANGUAGE_STANDARD = "gnu++20";
				CLANG_ENABLE_MODULES = YES;
				CLANG_ENABLE_OBJC_ARC = YES;
				CLANG_ENABLE_OBJC_WEAK = YES;
				CLANG_WARN_BLOCK_CAPTURE_AUTORELEASING = YES;
				CLANG_WARN_BOOL_CONVERSION = YES;
				CLANG_WARN_COMMA = YES;
				CLANG_WARN_CONSTANT_CONVERSION = YES;
				CLANG_WARN_DEPRECATED_OBJC_IMPLEMENTATIONS = YES;
				CLANG_WARN_DIRECT_OBJC_ISA_USAGE = YES_ERROR;
				CLANG_WARN_DOCUMENTATION_COMMENTS = YES;
				CLANG_WARN_EMPTY_BODY = YES;
				CLANG_WARN_ENUM_CONVERSION = YES;
				CLANG_WARN_INFINITE_RECURSION = YES;
				CLANG_WARN_INT_CONVERSION = YES;
				CLANG_WARN_NON_LITERAL_NULL_CONVERSION = YES;
				CLANG_WARN_OBJC_IMPLICIT_RETAIN_SELF = YES;
				CLANG_WARN_OBJC_LITERAL_CONVERSION = YES;
				CLANG_WARN_OBJC_ROOT_CLASS = YES_ERROR;
				CLANG_WARN_QUOTED_INCLUDE_IN_FRAMEWORK_HEADER = YES;
				CLANG_WARN_RANGE_LOOP_ANALYSIS = YES;
				CLANG_WARN_STRICT_PROTOTYPES = YES;
				CLANG_WARN_SUSPICIOUS_MOVE = YES;
				CLANG_WARN_UNGUARDED_AVAILABILITY = YES_AGGRESSIVE;
				CLANG_WARN_UNREACHABLE_CODE = YES;
				CLANG_WARN__DUPLICATE_METHOD_MATCH = YES;
				COPY_PHASE_STRIP = NO;
				DEBUG_INFORMATION_FORMAT = dwarf;
				ENABLE_STRICT_OBJC_MSGSEND = YES;
				ENABLE_TESTABILITY = YES;
				ENABLE_USER_SCRIPT_SANDBOXING = YES;
				GCC_C_LANGUAGE_STANDARD = gnu17;
				GCC_DYNAMIC_NO_PIC = NO;
				GCC_NO_COMMON_BLOCKS = YES;
				GCC_OPTIMIZATION_LEVEL = 0;
				GCC_PREPROCESSOR_DEFINITIONS = (
					"DEBUG=1",
					"$(inherited)",
				);
				GCC_WARN_64_TO_32_BIT_CONVERSION = YES;
				GCC_WARN_ABOUT_RETURN_TYPE = YES_ERROR;
				GCC_WARN_UNDECLARED_SELECTOR = YES;
				GCC_WARN_UNINITIALIZED_AUTOS = YES_AGGRESSIVE;
				GCC_WARN_UNUSED_FUNCTION = YES;
				GCC_WARN_UNUSED_VARIABLE = YES;
				IPHONEOS_DEPLOYMENT_TARGET = 17.0;
				LOCALIZATION_PREFERS_STRING_CATALOGS = YES;
				MTL_ENABLE_DEBUG_INFO = INCLUDE_SOURCE;
				MTL_FAST_MATH = YES;
				ONLY_ACTIVE_ARCH = YES;
				SDKROOT = iphoneos;
				SWIFT_ACTIVE_COMPILATION_CONDITIONS = "DEBUG $(inherited)";
				SWIFT_OPTIMIZATION_LEVEL = "-Onone";
			};
			name = Debug;
		};
		420843542B08C0160011F58A /* Release */ = {
			isa = XCBuildConfiguration;
			buildSettings = {
				ALWAYS_SEARCH_USER_PATHS = NO;
				ASSETCATALOG_COMPILER_GENERATE_SWIFT_ASSET_SYMBOL_EXTENSIONS = YES;
				CLANG_ANALYZER_NONNULL = YES;
				CLANG_ANALYZER_NUMBER_OBJECT_CONVERSION = YES_AGGRESSIVE;
				CLANG_CXX_LANGUAGE_STANDARD = "gnu++20";
				CLANG_ENABLE_MODULES = YES;
				CLANG_ENABLE_OBJC_ARC = YES;
				CLANG_ENABLE_OBJC_WEAK = YES;
				CLANG_WARN_BLOCK_CAPTURE_AUTORELEASING = YES;
				CLANG_WARN_BOOL_CONVERSION = YES;
				CLANG_WARN_COMMA = YES;
				CLANG_WARN_CONSTANT_CONVERSION = YES;
				CLANG_WARN_DEPRECATED_OBJC_IMPLEMENTATIONS = YES;
				CLANG_WARN_DIRECT_OBJC_ISA_USAGE = YES_ERROR;
				CLANG_WARN_DOCUMENTATION_COMMENTS = YES;
				CLANG_WARN_EMPTY_BODY = YES;
				CLANG_WARN_ENUM_CONVERSION = YES;
				CLANG_WARN_INFINITE_RECURSION = YES;
				CLANG_WARN_INT_CONVERSION = YES;
				CLANG_WARN_NON_LITERAL_NULL_CONVERSION = YES;
				CLANG_WARN_OBJC_IMPLICIT_RETAIN_SELF = YES;
				CLANG_WARN_OBJC_LITERAL_CONVERSION = YES;
				CLANG_WARN_OBJC_ROOT_CLASS = YES_ERROR;
				CLANG_WARN_QUOTED_INCLUDE_IN_FRAMEWORK_HEADER = YES;
				CLANG_WARN_RANGE_LOOP_ANALYSIS = YES;
				CLANG_WARN_STRICT_PROTOTYPES = YES;
				CLANG_WARN_SUSPICIOUS_MOVE = YES;
				CLANG_WARN_UNGUARDED_AVAILABILITY = YES_AGGRESSIVE;
				CLANG_WARN_UNREACHABLE_CODE = YES;
				CLANG_WARN__DUPLICATE_METHOD_MATCH = YES;
				COPY_PHASE_STRIP = NO;
				DEBUG_INFORMATION_FORMAT = "dwarf-with-dsym";
				ENABLE_NS_ASSERTIONS = NO;
				ENABLE_STRICT_OBJC_MSGSEND = YES;
				ENABLE_USER_SCRIPT_SANDBOXING = YES;
				GCC_C_LANGUAGE_STANDARD = gnu17;
				GCC_NO_COMMON_BLOCKS = YES;
				GCC_WARN_64_TO_32_BIT_CONVERSION = YES;
				GCC_WARN_ABOUT_RETURN_TYPE = YES_ERROR;
				GCC_WARN_UNDECLARED_SELECTOR = YES;
				GCC_WARN_UNINITIALIZED_AUTOS = YES_AGGRESSIVE;
				GCC_WARN_UNUSED_FUNCTION = YES;
				GCC_WARN_UNUSED_VARIABLE = YES;
				IPHONEOS_DEPLOYMENT_TARGET = 17.0;
				LOCALIZATION_PREFERS_STRING_CATALOGS = YES;
				MTL_ENABLE_DEBUG_INFO = NO;
				MTL_FAST_MATH = YES;
				SDKROOT = iphoneos;
				SWIFT_COMPILATION_MODE = wholemodule;
				VALIDATE_PRODUCT = YES;
			};
			name = Release;
		};
		420843562B08C0160011F58A /* Debug */ = {
			isa = XCBuildConfiguration;
			buildSettings = {
				ASSETCATALOG_COMPILER_APPICON_NAME = AppIcon;
				ASSETCATALOG_COMPILER_GLOBAL_ACCENT_COLOR_NAME = AccentColor;
				CODE_SIGN_STYLE = Automatic;
				CURRENT_PROJECT_VERSION = 1;
				DEVELOPMENT_ASSET_PATHS = "\"FoodieBagFrontend/Preview Content\"";
				DEVELOPMENT_TEAM = SR29XA88VK;
				ENABLE_PREVIEWS = YES;
				GENERATE_INFOPLIST_FILE = YES;
				INFOPLIST_KEY_UIApplicationSceneManifest_Generation = YES;
				INFOPLIST_KEY_UIApplicationSupportsIndirectInputEvents = YES;
				INFOPLIST_KEY_UILaunchScreen_Generation = YES;
				INFOPLIST_KEY_UISupportedInterfaceOrientations_iPad = "UIInterfaceOrientationPortrait UIInterfaceOrientationPortraitUpsideDown UIInterfaceOrientationLandscapeLeft UIInterfaceOrientationLandscapeRight";
				INFOPLIST_KEY_UISupportedInterfaceOrientations_iPhone = "UIInterfaceOrientationPortrait UIInterfaceOrientationLandscapeLeft UIInterfaceOrientationLandscapeRight";
				LD_RUNPATH_SEARCH_PATHS = (
					"$(inherited)",
					"@executable_path/Frameworks",
				);
				MARKETING_VERSION = 1.0;
				PRODUCT_BUNDLE_IDENTIFIER = me.heidialbarazi.FoodieBagFrontend;
				PRODUCT_NAME = "$(TARGET_NAME)";
				SWIFT_EMIT_LOC_STRINGS = YES;
				SWIFT_VERSION = 5.0;
				TARGETED_DEVICE_FAMILY = "1,2";
			};
			name = Debug;
		};
		420843572B08C0160011F58A /* Release */ = {
			isa = XCBuildConfiguration;
			buildSettings = {
				ASSETCATALOG_COMPILER_APPICON_NAME = AppIcon;
				ASSETCATALOG_COMPILER_GLOBAL_ACCENT_COLOR_NAME = AccentColor;
				CODE_SIGN_STYLE = Automatic;
				CURRENT_PROJECT_VERSION = 1;
				DEVELOPMENT_ASSET_PATHS = "\"FoodieBagFrontend/Preview Content\"";
				DEVELOPMENT_TEAM = SR29XA88VK;
				ENABLE_PREVIEWS = YES;
				GENERATE_INFOPLIST_FILE = YES;
				INFOPLIST_KEY_UIApplicationSceneManifest_Generation = YES;
				INFOPLIST_KEY_UIApplicationSupportsIndirectInputEvents = YES;
				INFOPLIST_KEY_UILaunchScreen_Generation = YES;
				INFOPLIST_KEY_UISupportedInterfaceOrientations_iPad = "UIInterfaceOrientationPortrait UIInterfaceOrientationPortraitUpsideDown UIInterfaceOrientationLandscapeLeft UIInterfaceOrientationLandscapeRight";
				INFOPLIST_KEY_UISupportedInterfaceOrientations_iPhone = "UIInterfaceOrientationPortrait UIInterfaceOrientationLandscapeLeft UIInterfaceOrientationLandscapeRight";
				LD_RUNPATH_SEARCH_PATHS = (
					"$(inherited)",
					"@executable_path/Frameworks",
				);
				MARKETING_VERSION = 1.0;
				PRODUCT_BUNDLE_IDENTIFIER = me.heidialbarazi.FoodieBagFrontend;
				PRODUCT_NAME = "$(TARGET_NAME)";
				SWIFT_EMIT_LOC_STRINGS = YES;
				SWIFT_VERSION = 5.0;
				TARGETED_DEVICE_FAMILY = "1,2";
			};
			name = Release;
		};
		420843592B08C0160011F58A /* Debug */ = {
			isa = XCBuildConfiguration;
			buildSettings = {
				ALWAYS_EMBED_SWIFT_STANDARD_LIBRARIES = YES;
				BUNDLE_LOADER = "$(TEST_HOST)";
				CODE_SIGN_STYLE = Automatic;
				CURRENT_PROJECT_VERSION = 1;
				DEVELOPMENT_TEAM = SR29XA88VK;
				GENERATE_INFOPLIST_FILE = YES;
				IPHONEOS_DEPLOYMENT_TARGET = 17.0;
				MARKETING_VERSION = 1.0;
				PRODUCT_BUNDLE_IDENTIFIER = me.heidialbarazi.FoodieBagFrontendTests;
				PRODUCT_NAME = "$(TARGET_NAME)";
				SWIFT_EMIT_LOC_STRINGS = NO;
				SWIFT_VERSION = 5.0;
				TARGETED_DEVICE_FAMILY = "1,2";
				TEST_HOST = "$(BUILT_PRODUCTS_DIR)/FoodieBagFrontend.app/$(BUNDLE_EXECUTABLE_FOLDER_PATH)/FoodieBagFrontend";
			};
			name = Debug;
		};
		4208435A2B08C0160011F58A /* Release */ = {
			isa = XCBuildConfiguration;
			buildSettings = {
				ALWAYS_EMBED_SWIFT_STANDARD_LIBRARIES = YES;
				BUNDLE_LOADER = "$(TEST_HOST)";
				CODE_SIGN_STYLE = Automatic;
				CURRENT_PROJECT_VERSION = 1;
				DEVELOPMENT_TEAM = SR29XA88VK;
				GENERATE_INFOPLIST_FILE = YES;
				IPHONEOS_DEPLOYMENT_TARGET = 17.0;
				MARKETING_VERSION = 1.0;
				PRODUCT_BUNDLE_IDENTIFIER = me.heidialbarazi.FoodieBagFrontendTests;
				PRODUCT_NAME = "$(TARGET_NAME)";
				SWIFT_EMIT_LOC_STRINGS = NO;
				SWIFT_VERSION = 5.0;
				TARGETED_DEVICE_FAMILY = "1,2";
				TEST_HOST = "$(BUILT_PRODUCTS_DIR)/FoodieBagFrontend.app/$(BUNDLE_EXECUTABLE_FOLDER_PATH)/FoodieBagFrontend";
			};
			name = Release;
		};
		4208435C2B08C0160011F58A /* Debug */ = {
			isa = XCBuildConfiguration;
			buildSettings = {
				ALWAYS_EMBED_SWIFT_STANDARD_LIBRARIES = YES;
				CODE_SIGN_STYLE = Automatic;
				CURRENT_PROJECT_VERSION = 1;
				DEVELOPMENT_TEAM = SR29XA88VK;
				GENERATE_INFOPLIST_FILE = YES;
				MARKETING_VERSION = 1.0;
				PRODUCT_BUNDLE_IDENTIFIER = me.heidialbarazi.FoodieBagFrontendUITests;
				PRODUCT_NAME = "$(TARGET_NAME)";
				SWIFT_EMIT_LOC_STRINGS = NO;
				SWIFT_VERSION = 5.0;
				TARGETED_DEVICE_FAMILY = "1,2";
				TEST_TARGET_NAME = FoodieBagFrontend;
			};
			name = Debug;
		};
		4208435D2B08C0160011F58A /* Release */ = {
			isa = XCBuildConfiguration;
			buildSettings = {
				ALWAYS_EMBED_SWIFT_STANDARD_LIBRARIES = YES;
				CODE_SIGN_STYLE = Automatic;
				CURRENT_PROJECT_VERSION = 1;
				DEVELOPMENT_TEAM = SR29XA88VK;
				GENERATE_INFOPLIST_FILE = YES;
				MARKETING_VERSION = 1.0;
				PRODUCT_BUNDLE_IDENTIFIER = me.heidialbarazi.FoodieBagFrontendUITests;
				PRODUCT_NAME = "$(TARGET_NAME)";
				SWIFT_EMIT_LOC_STRINGS = NO;
				SWIFT_VERSION = 5.0;
				TARGETED_DEVICE_FAMILY = "1,2";
				TEST_TARGET_NAME = FoodieBagFrontend;
			};
			name = Release;
		};
/* End XCBuildConfiguration section */

/* Begin XCConfigurationList section */
		4208432C2B08C0150011F58A /* Build configuration list for PBXProject "FoodieBagFrontend" */ = {
			isa = XCConfigurationList;
			buildConfigurations = (
				420843532B08C0160011F58A /* Debug */,
				420843542B08C0160011F58A /* Release */,
			);
			defaultConfigurationIsVisible = 0;
			defaultConfigurationName = Release;
		};
		420843552B08C0160011F58A /* Build configuration list for PBXNativeTarget "FoodieBagFrontend" */ = {
			isa = XCConfigurationList;
			buildConfigurations = (
				420843562B08C0160011F58A /* Debug */,
				420843572B08C0160011F58A /* Release */,
			);
			defaultConfigurationIsVisible = 0;
			defaultConfigurationName = Release;
		};
		420843582B08C0160011F58A /* Build configuration list for PBXNativeTarget "FoodieBagFrontendTests" */ = {
			isa = XCConfigurationList;
			buildConfigurations = (
				420843592B08C0160011F58A /* Debug */,
				4208435A2B08C0160011F58A /* Release */,
			);
			defaultConfigurationIsVisible = 0;
			defaultConfigurationName = Release;
		};
		4208435B2B08C0160011F58A /* Build configuration list for PBXNativeTarget "FoodieBagFrontendUITests" */ = {
			isa = XCConfigurationList;
			buildConfigurations = (
				4208435C2B08C0160011F58A /* Debug */,
				4208435D2B08C0160011F58A /* Release */,
			);
			defaultConfigurationIsVisible = 0;
			defaultConfigurationName = Release;
		};
/* End XCConfigurationList section */

/* Begin XCRemoteSwiftPackageReference section */
		4202E6E42B093CAB002F1085 /* XCRemoteSwiftPackageReference "lottie-ios" */ = {
			isa = XCRemoteSwiftPackageReference;
			repositoryURL = "https://github.com/airbnb/lottie-ios";
			requirement = {
				kind = upToNextMajorVersion;
				minimumVersion = 4.3.3;
			};
		};
/* End XCRemoteSwiftPackageReference section */

/* Begin XCSwiftPackageProductDependency section */
		4202E6E52B093CAB002F1085 /* Lottie */ = {
			isa = XCSwiftPackageProductDependency;
			package = 4202E6E42B093CAB002F1085 /* XCRemoteSwiftPackageReference "lottie-ios" */;
			productName = Lottie;
		};
/* End XCSwiftPackageProductDependency section */
	};
	rootObject = 420843292B08C0150011F58A /* Project object */;
}
